version = 1
revision = 5
requires-python = ">=3.14"

[[package]]
name = "altgraph"
version = "0.17.5"
source = { registry = "https://pypi.org/simple" }
sdist = { url = "https://files.pythonhosted.org/packages/7e/f8/97fdf103f38fed6792a1601dbc16cc8aac56e7459a9fff08c812d8ae177a/altgraph-0.17.5.tar.gz", hash = "sha256:c87b395dd12fabde9c99573a9749d67da8d29ef9de0125c7f536699b4a9bc9e7", size = 48428, upload-time = "2025-11-21T20:35:50.583Z" }
wheels = [
    { url = "https://files.pythonhosted.org/packages/a9/ba/000a1996d4308bc65120167c21241a3b205464a2e0b58deda26ae8ac21d1/altgraph-0.17.5-py2.py3-none-any.whl", hash = "sha256:f3a22400bce1b0c701683820ac4f3b159cd301acab067c51c653e06961600597", size = 21228, upload-time = "2025-11-21T20:35:49.444Z" },
]

[[package]]
name = "black"
version = "26.10.0"
source = { registry = "https://pypi.org/simple" }
dependencies = [
    { name = "click" },
    { name = "mypy-extensions" },
    { name = "packaging" },
    { name = "pathspec" },
    { name = "platformdirs" },
    { name = "pytokens" },
]
sdist = { url = "https://files.pythonhosted.org/packages/d9/38/02b7c5d2475f40c000a142b3bcddd29ff6674617eba1b2236f0cda9fff41/black-26.10.0.tar.gz", hash = "sha256:b3476ce71b494fc6e39d77e75488e8339a87583029bbf608416e955c83582bd6", size = 728037, upload-time = "2026-10-04T16:52:29.588Z" }
wheels = [
    { url = "https://files.pythonhosted.org/packages/3d/ab/863f3385aa6b227525c666b0d27ab3e646ac656322f3a5b5e9bfca76cd73/black-26.10.0-cp314-cp314-macosx_10_15_x86_64.whl", hash = "sha256:3ae1b87103e33f1cd7a47a55ad693bf3101d043c75ce8c32209127ea87291de4", size = 2123035, upload-time = "2026-10-04T16:56:44.972Z" },
    { url = "https://files.pythonhosted.org/packages/94/eb/ea58ef8d2455e170a32b1368d83458286c284007e9584bb83d58fc5e60e5/black-26.10.0-cp314-cp314-macosx_11_0_arm64.whl", hash = "sha256:c3e770b27a848b23ca90783dcce243a72035566322fdee7b7080aed2f1066692", size = 1959468, upload-time = "2026-10-04T16:56:46.482Z" },
    { url = "https://files.pythonhosted.org/packages/9d/97/66b41852338be14c760cc432ae7041c52111521cd11c12005c279f387713/black-26.10.0-cp314-cp314-manylinux2014_x86_64.manylinux_2_17_x86_64.manylinux_2_28_x86_64.whl", hash = "sha256:3584c121fc57d08e0f73510df1d206f2c0c8858d3c82fc0664af7647ee8d1b3f", size = 2028670, upload-time = "2026-10-04T16:56:48.337Z" },
    { url = "https://files.pythonhosted.org/packages/a4/3c/66ac4db9f62279955bef083a40a50cce73a3371d585df98530bfddb04d4d/black-26.10.0-cp314-cp314-win_amd64.whl", hash = "sha256:c5e1e899bcc049203b1c3514dfbae8410f9ed7b650f2d4c9907064e94401cdc2", size = 1634476, upload-time = "2026-10-04T16:56:49.887Z" },
    { url = "https://files.pythonhosted.org/packages/f2/f9/259ee30109f5ff3594df83aa559c4a511d7a186375bab16bcaeb3af6e080/black-26.10.0-cp314-cp314-win_arm64.whl", hash = "sha256:5e71cf23717ca67ba4ff2d0250f3603aa38dcdb3e9c66ed39983b71a2c2ea4ac", size = 1485278, upload-time = "2026-10-04T16:56:51.537Z" },
    { url = "https://files.pythonhosted.org/packages/a8/fe/254aa53014e1c72af56c72a82e6286006140649161684c2b2fe4c285dfd2/black-26.10.0-py3-none-any.whl", hash = "sha256:b532e40012f21a8a0e8c5996ea8f5f8413dc89793361aa9e2f451826d0ebd711", size = 234882, upload-time = "2026-10-04T16:52:27.557Z" },
]

[[package]]
name = "click"
version = "8.5.0"
source = { registry = "https://pypi.org/simple" }
sdist = { url = "https://files.pythonhosted.org/packages/c7/0e/7fa0ef50764b67090eca4114772a2abf8b6148198475e54c660b97caeee6/click-8.5.0.tar.gz", hash = "sha256:ba0d2089de75ea0310e2dde03160e6ca10009947fb95a182f9b54021bb272e34", size = 382235, upload-time = "2026-08-26T13:33:14.56Z" }
wheels = [
    { url = "https://files.pythonhosted.org/packages/58/50/6c0d534c5f134586a8e1ba4e330569e32f057e33372ae556463212fb4cd3/click-8.5.0-py3-none-any.whl", hash = "sha256:255bc9599cf7748b4b1a446ccc735421bd08a2ae529a8b88597d3de5664ee360", size = 125251, upload-time = "2026-08-26T13:33:12.928Z" },
]

[[package]]
name = "ifaddr"
version = "0.2.0"
source = { registry = "https://pypi.org/simple" }
sdist = { url = "https://files.pythonhosted.org/packages/e8/ac/fb4c578f4a3256561548cd825646680edcadb9440f3f68add95ade1eb791/ifaddr-0.2.0.tar.gz", hash = "sha256:cc0cbfcaabf765d44595825fb96a99bb12c79716b73b44330ea38ee2b0c4aed4", size = 10485, upload-time = "2022-06-15T21:40:27.561Z" }
wheels = [
    { url = "https://files.pythonhosted.org/packages/9c/1f/19ebc343cc71a7ffa78f17018535adc5cbdd87afb31d7c34874680148b32/ifaddr-0.2.0-py3-none-any.whl", hash = "sha256:085e0305cfe6f16ab12d72e2024030f5d52674afad6911bb1eee207177b8a748", size = 12314, upload-time = "2022-06-15T21:40:25.756Z" },
]

[[package]]
name = "macholib"
version = "1.16.4"
source = { registry = "https://pypi.org/simple" }
dependencies = [
    { name = "altgraph" },
]
sdist = { url = "https://files.pythonhosted.org/packages/10/2f/97589876ea967487978071c9042518d28b958d87b17dceb7cdc1d881f963/macholib-1.16.4.tar.gz", hash = "sha256:f408c93ab2e995cd2c46e34fe328b130404be143469e41bc366c807448979362", size = 59427, upload-time = "2025-11-22T08:28:38.373Z" }
wheels = [
    { url = "https://files.pythonhosted.org/packages/c7/d1/a9f36f8ecdf0fb7c9b1e78c8d7af12b8c8754e74851ac7b94a8305540fc7/macholib-1.16.4-py2.py3-none-any.whl", hash = "sha256:da1a3fa8266e30f0ce7e97c6a54eefaae8edd1e5f86f3eb8b95457cae90265ea", size = 38117, upload-time = "2025-11-22T08:28:36.939Z" },
]

[[package]]
name = "modulegraph"
version = "0.19.7"
source = { registry = "https://pypi.org/simple" }
dependencies = [
    { name = "altgraph" },
    { name = "setuptools" },
]
sdist = { url = "https://files.pythonhosted.org/packages/20/fa/c471f46fa1696309b806d6c663d599525925a5c13cf1371a02587a265109/modulegraph-0.19.7.tar.gz", hash = "sha256:9ad8a81148ba1d90ade66617a153786f7d7cf6a88de83ee28e251183122c2a57", size = 88618, upload-time = "2025-11-22T08:22:43.858Z" }
wheels = [
    { url = "https://files.pythonhosted.org/packages/f1/c1/3eff0be83439f0408866eaacd4106c9d19b762cba66bcf0d0a523a6f6620/modulegraph-0.19.7-py2.py3-none-any.whl", hash = "sha256:139f89042c9912777ba4bbf1d5496591c6ad780110ea3082c11e8737cf82cacc", size = 35151, upload-time = "2025-11-22T08:22:42.239Z" },
]

[[package]]
name = "mypy-extensions"
version = "1.1.0"
source = { registry = "https://pypi.org/simple" }
sdist = { url = "https://files.pythonhosted.org/packages/a2/6e/371856a3fb9d31ca8dac321cda606860fa4548858c0cc45d9d1d4ca2628b/mypy_extensions-1.1.0.tar.gz", hash = "sha256:52e68efc3284861e772bbcd66823fde5ae21fd2fdb51c62a211403730b916558", size = 6343, upload-time = "2025-04-22T14:54:24.164Z" }
wheels = [
    { url = "https://files.pythonhosted.org/packages/79/7b/2c79738432f5c924bef5071f933bcc9efd0473bac3b4aa584a6f7c1c8df8/mypy_extensions-1.1.0-py3-none-any.whl", hash = "sha256:1be4cccdb0f2482337c4743e60421de3a356cd97508abadd57d47403e94f5505", size = 4963, upload-time = "2025-04-22T14:54:22.983Z" },
]

[[package]]
name = "nodeenv"
version = "1.11.0"
source = { registry = "https://pypi.org/simple" }
sdist = { url = "https://files.pythonhosted.org/packages/9a/8e/105de02c1322cfada6d9710d9146ef8026419d433c9d08359a2d35805811/nodeenv-1.11.0.tar.gz", hash = "sha256:3ce8fe5b71d16e8af7039ca65257354100bc772965d6bc549070649e53b1b146", size = 99301, upload-time = "2026-09-26T11:29:21.367Z" }
wheels = [
    { url = "https://files.pythonhosted.org/packages/54/c8/12811c9b48fde162bb72b6f2e78fada9a247a09d7bb5be2050a5d099c77b/nodeenv-1.11.0-py2.py3-none-any.whl", hash = "sha256:edaa16e6c14d7cf395d75d4bbd5a26390f4dc06501a33b4e76282b02cc688a25", size = 34277, upload-time = "2026-09-26T11:29:19.933Z" },
]

[[package]]
name = "onair"
source = { virtual = "." }
default-groups = "all"

[package.dev-dependencies]
app = [
    { name = "rumps" },
    { name = "zeroconf" },
]
dev = [
    { name = "black" },
    { name = "py2app" },
    { name = "pyright" },
]

[package.metadata]

[package.metadata.requires-dev]
app = [
    { name = "rumps" },
    { name = "zeroconf" },
]
dev = [
    { name = "black" },
    { name = "py2app" },
    { name = "pyright" },
]

[[package]]
name = "packaging"
version = "26.3"
source = { registry = "https://pypi.org/simple" }
sdist = { url = "https://files.pythonhosted.org/packages/7d/fa/3944b40b07da9ce895c0e6303a5ab7d53da063554f534556b134a54d6093/packaging-26.3.tar.gz", hash = "sha256:94edc256424af38762eb31306eed28beb9f0efc50a8837492c9d6fd6004aed79", size = 313412, upload-time = "2026-08-04T18:15:28.737Z" }
wheels = [
    { url = "https://files.pythonhosted.org/packages/63/34/ba1c580383c9eada3711951fef0795c80b829a078d72188184bcab9dd527/packaging-26.3-py3-none-any.whl", hash = "sha256:d7193f7c8e4e93f444fde0262bf90af30e16fa0ad0ad44cb553c87339b23cd1c", size = 129956, upload-time = "2026-08-04T18:15:27.159Z" },
]

[[package]]
name = "pathspec"
version = "1.1.1"
source = { registry = "https://pypi.org/simple" }
sdist = { url = "https://files.pythonhosted.org/packages/5a/82/42f767fc1c1143d6fd36efb827202a2d997a375e160a71eb2888a925aac1/pathspec-1.1.1.tar.gz", hash = "sha256:17db5ecd524104a120e173814c90367a96a98d07c45b2e10c2f3919fff91bf5a", size = 135180, upload-time = "2026-04-27T01:46:08.907Z" }
wheels = [
    { url = "https://files.pythonhosted.org/packages/f1/d9/7fb5aa316bc299258e68c73ba3bddbc499654a07f151cba08f6153988714/pathspec-1.1.1-py3-none-any.whl", hash = "sha256:a00ce642f577bf7f473932318056212bc4f8bfdf53128c78bbd5af0b9b20b189", size = 57328, upload-time = "2026-04-27T01:46:07.06Z" },
]

[[package]]
name = "platformdirs"
version = "4.12.3"
source = { registry = "https://pypi.org/simple" }
sdist = { url = "https://files.pythonhosted.org/packages/42/23/4a86fc741c38c5b69792a4ef954b281afa69bea9f083f881de1b0d23bc07/platformdirs-4.12.3.tar.gz", hash = "sha256:427fc0bb321ae0c5b037fa03238ca74820437be162e78b4848c4d4055b9b766c", size = 59538, upload-time = "2026-10-03T23:40:46.595Z" }
wheels = [
    { url = "https://files.pythonhosted.org/packages/c5/9b/6ce1ead737fe496611bda600c263b9a11ae7bd8f41bb13f9bd7e0a2c37a4/platformdirs-4.12.3-py3-none-any.whl", hash = "sha256:080f3b39423b5abfca9a23d84c4e9795f54d395cd8459867a8ded44084fcd5f8", size = 32493, upload-time = "2026-10-03T23:40:45.104Z" },
]

[[package]]
name = "py2app"
version = "0.28.10"
source = { registry = "https://pypi.org/simple" }
dependencies = [
    { name = "altgraph" },
    { name = "macholib" },
    { name = "modulegraph" },
    { name = "packaging" },
]
sdist = { url = "https://files.pythonhosted.org/packages/93/82/79a2aaaf86c44c6018edce1a028cf821acec4c3ca63e2b5781f16822c99f/py2app-0.28.10.tar.gz", hash = "sha256:fd38f4a0083d4d1e91ea336eaef678b99d9e1b95ac6302315cad22fa5e859cb1", size = 1143601, upload-time = "2026-02-13T20:50:02.289Z" }
wheels = [
    { url = "https://files.pythonhosted.org/packages/be/d8/a04a88b182613370a262f674929f0e284ea04e1803f2d38fc5639fbec2d7/py2app-0.28.10-py3-none-any.whl", hash = "sha256:bdb0cd2cbfa5160b5b11b8d612f6eb92d484a0282801e85b159f1930cd834714", size = 837349, upload-time = "2026-02-13T20:49:59.98Z" },
]

[[package]]
name = "pyobjc-core"
version = "12.2.2"
source = { registry = "https://pypi.org/simple" }
sdist = { url = "https://files.pythonhosted.org/packages/a5/78/abc4ce5920305780aeb36b4067a86253378b36e29ba96673a3deb02eb03a/pyobjc_core-12.2.2.tar.gz", hash = "sha256:3906452339cd06a3bb07df103c2511d4cb0f7a22d8771c0b802eba15d9a642b6", size = 1067701, upload-time = "2026-08-11T19:43:39.059Z" }
wheels = [
    { url = "https://files.pythonhosted.org/packages/13/37/486d38a173b0b8dce973a3e13c74cf402ed1b8621586b5963bc9efd49a48/pyobjc_core-12.2.2-cp314-cp314-macosx_10_15_universal2.whl", hash = "sha256:2062e8ad30a310441cd022544a897553408bebeaa7820d5edba3c96fd7fd693b", size = 6421184, upload-time = "2026-08-11T19:30:21.081Z" },
    { url = "https://files.pythonhosted.org/packages/04/f1/d138fd9b9a66ea8db56a8138b77d3413b85da3defe13363a19f364f85529/pyobjc_core-12.2.2-cp314-cp314t-macosx_10_15_universal2.whl", hash = "sha256:2c7ef3d2f865b4b3ebb14ec3556f7a3e8abb6d130c67275cd9daa08dbd6e4e4e", size = 6671824, upload-time = "2026-08-11T19:30:25.005Z" },
    { url = "https://files.pythonhosted.org/packages/d5/85/577e2265cccf59daf48c460f0a8deeaf7dbe2991227a8859ab1eeab4945e/pyobjc_core-12.2.2-cp315-cp315-macosx_10_15_universal2.whl", hash = "sha256:89acc6bc13aaa6e3f52b0ce652ede7e201edb6bf062741b246b0c5a44582f25f", size = 6477694, upload-time = "2026-08-11T19:30:28.821Z" },
    { url = "https://files.pythonhosted.org/packages/77/0a/bd9f830c64c6f334530831e75c01bfe0a770a3fbb00fddc70329223118b3/pyobjc_core-12.2.2-cp315-cp315t-macosx_10_15_universal2.whl", hash = "sha256:59a77038ebe0ab1240f61c341e7fb67b8674f2b4cd41bc71a6472511a12b50f7", size = 6712233, upload-time = "2026-08-11T19:30:33.032Z" },
]

[[package]]
name = "pyobjc-framework-cocoa"
version = "12.2.2"
source = { registry = "https://pypi.org/simple" }
dependencies = [
    { name = "pyobjc-core" },
]
sdist = { url = "https://files.pythonhosted.org/packages/75/76/49c6da2c6a831020b4854ba20079d5a1030474bffc776b7b73c2eeff8c15/pyobjc_framework_cocoa-12.2.2.tar.gz", hash = "sha256:c96c0ef69a71afbbb0e6a7d594b455c5fe47d62e0db376ee7a2b4b828c16ace9", size = 3132831, upload-time = "2026-08-11T19:44:02.288Z" }
wheels = [
    { url = "https://files.pythonhosted.org/packages/1f/1a/b99521999b9f54b89aad928ddff0faad507abfe33bc46599454bfa48a4b2/pyobjc_framework_cocoa-12.2.2-cp314-cp314-macosx_10_15_universal2.whl", hash = "sha256:889d7bbd4ba2d4941078bfbbfb882138e51dbead27df006abfe0f2e0d49b5b2e", size = 388368, upload-time = "2026-08-11T19:32:46.781Z" },
    { url = "https://files.pythonhosted.org/packages/6d/26/0c697dbc73dcc76bc0f68ea5aeed25bf7b05217df5102659e878501b2d5f/pyobjc_framework_cocoa-12.2.2-cp314-cp314t-macosx_10_15_universal2.whl", hash = "sha256:de69c5933750f3a4599ed962eccd92b6a71914c7e4318dacc7895738a8ae60d7", size = 392404, upload-time = "2026-08-11T19:32:47.918Z" },
    { url = "https://files.pythonhosted.org/packages/df/82/502f740fd8f4e9ef741c9d40ba67467ab2c8196f2c09dcba12936d28a4fd/pyobjc_framework_cocoa-12.2.2-cp315-cp315-macosx_10_15_universal2.whl", hash = "sha256:0e8ace0d44a00d281281a723d17fcd05eea7544a38a6a512e1fd018ddb7aece2", size = 388585, upload-time = "2026-08-11T19:32:49.171Z" },
    { url = "https://files.pythonhosted.org/packages/7d/3b/07ce3c0ab8d1e9e1bed74fea1bf1cce73527a365a7a23c755051d3be9865/pyobjc_framework_cocoa-12.2.2-cp315-cp315t-macosx_10_15_universal2.whl", hash = "sha256:8fe5b2e79c9530f667b4e58a87a3a15ea62f86a5d19eec405517ecbd4f454868", size = 392693, upload-time = "2026-08-11T19:32:50.283Z" },
]

[[package]]
name = "pyright"
version = "1.1.414"
source = { registry = "https://pypi.org/simple" }
dependencies = [
    { name = "nodeenv" },
    { name = "typing-extensions" },
]
sdist = { url = "https://files.pythonhosted.org/packages/e1/1b/244c7b710031ada80f27e579ec20d28a2285dfc318fed0339866b1047f12/pyright-1.1.414.tar.gz", hash = "sha256:523c0a97c60da6333234955c277730c9cf4f5bd6d5399e7b7d2b0fc5d3599524", size = 4154638, upload-time = "2026-09-10T12:26:53.181Z" }
wheels = [
    { url = "https://files.pythonhosted.org/packages/d7/ba/18b6e682ead424ad24bcc134339ae5d1b931cd9ae260540592a058a91279/pyright-1.1.414-py3-none-any.whl", hash = "sha256:2a6b4b3298c9eec174c5ed83bd338de6eee82df2992f3e1930e6199d381be36f", size = 6225049, upload-time = "2026-09-10T12:26:51.427Z" },
]

[[package]]
name = "pytokens"
version = "0.4.1"
source = { registry = "https://pypi.org/simple" }
sdist = { url = "https://files.pythonhosted.org/packages/b6/34/b4e015b99031667a7b960f888889c5bd34ef585c85e1cb56a594b92836ac/pytokens-0.4.1.tar.gz", hash = "sha256:292052fe80923aae2260c073f822ceba21f3872ced9a68bb7953b348e561179a", size = 23015, upload-time = "2026-01-30T01:03:45.924Z" }
wheels = [
    { url = "https://files.pythonhosted.org/packages/8f/a7/b470f672e6fc5fee0a01d9e75005a0e617e162381974213a945fcd274843/pytokens-0.4.1-cp314-cp314-macosx_11_0_arm64.whl", hash = "sha256:4a14d5f5fc78ce85e426aa159489e2d5961acf0e47575e08f35584009178e321", size = 160821, upload-time = "2026-01-30T01:03:19.684Z" },
    { url = "https://files.pythonhosted.org/packages/80/98/e83a36fe8d170c911f864bfded690d2542bfcfacb9c649d11a9e6eb9dc41/pytokens-0.4.1-cp314-cp314-manylinux2014_aarch64.manylinux_2_17_aarch64.manylinux_2_28_aarch64.whl", hash = "sha256:97f50fd18543be72da51dd505e2ed20d2228c74e0464e4262e4899797803d7fa", size = 254263, upload-time = "2026-01-30T01:03:20.834Z" },
    { url = "https://files.pythonhosted.org/packages/0f/95/70d7041273890f9f97a24234c00b746e8da86df462620194cef1d411ddeb/pytokens-0.4.1-cp314-cp314-manylinux2014_x86_64.manylinux_2_17_x86_64.manylinux_2_28_x86_64.whl", hash = "sha256:dc74c035f9bfca0255c1af77ddd2d6ae8419012805453e4b0e7513e17904545d", size = 268071, upload-time = "2026-01-30T01:03:21.888Z" },
    { url = "https://files.pythonhosted.org/packages/da/79/76e6d09ae19c99404656d7db9c35dfd20f2086f3eb6ecb496b5b31163bad/pytokens-0.4.1-cp314-cp314-musllinux_1_2_x86_64.whl", hash = "sha256:f66a6bbe741bd431f6d741e617e0f39ec7257ca1f89089593479347cc4d13324", size = 271716, upload-time = "2026-01-30T01:03:23.633Z" },
    { url = "https://files.pythonhosted.org/packages/79/37/482e55fa1602e0a7ff012661d8c946bafdc05e480ea5a32f4f7e336d4aa9/pytokens-0.4.1-cp314-cp314-win_amd64.whl", hash = "sha256:b35d7e5ad269804f6697727702da3c517bb8a5228afa450ab0fa787732055fc9", size = 104539, upload-time = "2026-01-30T01:03:24.788Z" },
    { url = "https://files.pythonhosted.org/packages/30/e8/20e7db907c23f3d63b0be3b8a4fd1927f6da2395f5bcc7f72242bb963dfe/pytokens-0.4.1-cp314-cp314t-macosx_11_0_arm64.whl", hash = "sha256:8fcb9ba3709ff77e77f1c7022ff11d13553f3c30299a9fe246a166903e9091eb", size = 168474, upload-time = "2026-01-30T01:03:26.428Z" },
    { url = "https://files.pythonhosted.org/packages/d6/81/88a95ee9fafdd8f5f3452107748fd04c24930d500b9aba9738f3ade642cc/pytokens-0.4.1-cp314-cp314t-manylinux2014_aarch64.manylinux_2_17_aarch64.manylinux_2_28_aarch64.whl", hash = "sha256:79fc6b8699564e1f9b521582c35435f1bd32dd06822322ec44afdeba666d8cb3", size = 290473, upload-time = "2026-01-30T01:03:27.415Z" },
    { url = "https://files.pythonhosted.org/packages/cf/35/3aa899645e29b6375b4aed9f8d21df219e7c958c4c186b465e42ee0a06bf/pytokens-0.4.1-cp314-cp314t-manylinux2014_x86_64.manylinux_2_17_x86_64.manylinux_2_28_x86_64.whl", hash = "sha256:d31b97b3de0f61571a124a00ffe9a81fb9939146c122c11060725bd5aea79975", size = 303485, upload-time = "2026-01-30T01:03:28.558Z" },
    { url = "https://files.pythonhosted.org/packages/52/a0/07907b6ff512674d9b201859f7d212298c44933633c946703a20c25e9d81/pytokens-0.4.1-cp314-cp314t-musllinux_1_2_x86_64.whl", hash = "sha256:967cf6e3fd4adf7de8fc73cd3043754ae79c36475c1c11d514fc72cf5490094a", size = 306698, upload-time = "2026-01-30T01:03:29.653Z" },
    { url = "https://files.pythonhosted.org/packages/39/2a/cbbf9250020a4a8dd53ba83a46c097b69e5eb49dd14e708f496f548c6612/pytokens-0.4.1-cp314-cp314t-win_amd64.whl", hash = "sha256:584c80c24b078eec1e227079d56dc22ff755e0ba8654d8383b2c549107528918", size = 116287, upload-time = "2026-01-30T01:03:30.912Z" },
    { url = "https://files.pythonhosted.org/packages/c6/78/397db326746f0a342855b81216ae1f0a32965deccfd7c830a2dbc66d2483/pytokens-0.4.1-py3-none-any.whl", hash = "sha256:26cef14744a8385f35d0e095dc8b3a7583f6c953c2e3d269c7f82484bf5ad2de", size = 13729, upload-time = "2026-01-30T01:03:45.029Z" },
]

[[package]]
name = "rumps"
version = "0.4.0"
source = { registry = "https://pypi.org/simple" }
dependencies = [
    { name = "pyobjc-framework-cocoa" },
]
sdist = { url = "https://files.pythonhosted.org/packages/b2/e2/2e6a47951290bd1a2831dcc50aec4b25d104c0cf00e8b7868cbd29cf3bfe/rumps-0.4.0.tar.gz", hash = "sha256:17fb33c21b54b1e25db0d71d1d793dc19dc3c0b7d8c79dc6d833d0cffc8b1596", size = 39257, upload-time = "2022-10-15T05:15:10.386Z" }

[[package]]
name = "setuptools"
version = "84.0.0"
source = { registry = "https://pypi.org/simple" }
sdist = { url = "https://files.pythonhosted.org/packages/6d/44/f5da03a8ef95d369145c5bb53050e7877c9f3d312e128605fd9504829143/setuptools-84.0.0.tar.gz", hash = "sha256:f4695c21257f0d9b537ec2692c941d02ee143b7cc1276941349a546573b2ef73", size = 1168449, upload-time = "2026-08-08T18:27:58.365Z" }
wheels = [
    { url = "https://files.pythonhosted.org/packages/95/9c/c510029fc6ef33a6275cd2c5d3cecd6613dfd6aa401d57c54f1c18852ccf/setuptools-84.0.0-py3-none-any.whl", hash = "sha256:51a52592b3b99e102b609654876bd65f19f999935166d1352678931132b0c670", size = 818216, upload-time = "2026-08-08T18:27:56.719Z" },
]

[[package]]
name = "typing-extensions"
version = "4.16.0"
source = { registry = "https://pypi.org/simple" }
sdist = { url = "https://files.pythonhosted.org/packages/f6/cc/6253133b5bb138fc3306cebfbda2c520f545d36b5be2c7255cc528bb45d6/typing_extensions-4.16.0.tar.gz", hash = "sha256:dc983d19a509c94dba722ee6abd33940f7c05a89e243c47e907eb4db6f1a43e5", size = 113555, upload-time = "2026-07-02T08:40:05.92Z" }
wheels = [
    { url = "https://files.pythonhosted.org/packages/49/d3/b8441a820a491ddfc024b0b0cf0393375b75ea13866d9c66727e54c2fc80/typing_extensions-4.16.0-py3-none-any.whl", hash = "sha256:481caa481374e813c1b176ada14e97f1f67a4539ce9cfeb3f350d78d6370c2e8", size = 45571, upload-time = "2026-07-02T08:40:04.659Z" },
]

[[package]]
name = "zeroconf"
version = "0.151.5"
source = { registry = "https://pypi.org/simple" }
dependencies = [
    { name = "ifaddr" },
]
sdist = { url = "https://files.pythonhosted.org/packages/93/20/69744d9de9d375dae2639dda9add7dae85d52d690b68c61b23b8a6468434/zeroconf-0.151.5.tar.gz", hash = "sha256:28c2ec9d772007eedf11b41a9c9fd3d5c684c17b00721ff8f1ee31b20ad286a1", size = 223583, upload-time = "2026-09-28T14:42:06.073Z" }
wheels = [
    { url = "https://files.pythonhosted.org/packages/72/e2/36f043cdf3970bc9f07cbd0af0263e40681d5a4693e9bb250b29aa425fae/zeroconf-0.151.5-cp314-cp314-macosx_11_0_arm64.whl", hash = "sha256:3cba88b0fb77ea1b4dceaebae577c8245852159c525201b2453cd3bd5715cf56", size = 1204720, upload-time = "2026-09-28T14:58:49.354Z" },
    { url = "https://files.pythonhosted.org/packages/90/c3/fc795bfc5450ea339f212162a76548424f8e860bf043ba041634aab53aa1/zeroconf-0.151.5-cp314-cp314-manylinux2014_aarch64.manylinux_2_17_aarch64.manylinux_2_28_aarch64.whl", hash = "sha256:47b9f3f49860cb60dd5d1453c681dbcced4cac96960935f1b9f7c24d7f3993ce", size = 1379162, upload-time = "2026-09-28T14:58:50.895Z" },
    { url = "https://files.pythonhosted.org/packages/3d/c9/54155cd16ba7247ee171be2d95c49273445aa8e3c9517e7a7d861922c65c/zeroconf-0.151.5-cp314-cp314-manylinux2014_armv7l.manylinux_2_17_armv7l.manylinux_2_31_armv7l.whl", hash = "sha256:2304c3fd4717422242cc78315b37d48613109963900e0c9a2b784a91fd6e9c0e", size = 1290560, upload-time = "2026-09-28T14:58:52.542Z" },
    { url = "https://files.pythonhosted.org/packages/16/d3/9b6fa4f94a5be0145730f998bdf44c642db159d7a7f2f9fb5a1ed4adce04/zeroconf-0.151.5-cp314-cp314-manylinux2014_x86_64.manylinux_2_17_x86_64.manylinux_2_28_x86_64.whl", hash = "sha256:5846416ae2bddacb1bbb755233dd13c4bd15d94dfd0feb23a4b1abe1e2312302", size = 1417844, upload-time = "2026-09-28T14:58:54.382Z" },
    { url = "https://files.pythonhosted.org/packages/c3/31/43c707f69d6118766a5950e86f23b7e2130eea119c9d491460d663db4b06/zeroconf-0.151.5-cp314-cp314-musllinux_1_2_aarch64.whl", hash = "sha256:c1f45df00d20918fc7a0c2a6229ae1f9b44fbbef6a161df96c7710098c82e019", size = 1398885, upload-time = "2026-09-28T14:58:56.167Z" },
    { url = "https://files.pythonhosted.org/packages/2d/68/f0b29845b18e2436e169e3d2a4889da6802077115a67289abac1b14b4976/zeroconf-0.151.5-cp314-cp314-musllinux_1_2_armv7l.whl", hash = "sha256:f8f7ec289a07acb9e272d0f2998759b76ec81dd23b15a7506e05689f630fafd1", size = 1303148, upload-time = "2026-09-28T14:58:57.91Z" },
    { url = "https://files.pythonhosted.org/packages/99/84/566e4a3f104b0a49f119056d9ba60c4ff9e0ed88cbf22214d995aa1751dd/zeroconf-0.151.5-cp314-cp314-musllinux_1_2_x86_64.whl", hash = "sha256:dc7d125bd01eca9f63e7c65a3e52a81e385ef6ac25721bc67e15b99efc3ce6b0", size = 1436151, upload-time = "2026-09-28T14:58:59.608Z" },
    { url = "https://files.pythonhosted.org/packages/c9/6e/939e5e9fe9fef9c0b2dc2ad13e2cb843f9d1019de5196e22a0489c8cb01f/zeroconf-0.151.5-cp314-cp314-win32.whl", hash = "sha256:965d9e92ad34896a2537352a37affcff2daeb8c7af2072451220e753f0de990d", size = 965883, upload-time = "2026-09-28T14:59:01.278Z" },
    { url = "https://files.pythonhosted.org/packages/db/0b/4ff510db9f43b08a95907a82602017c5a58b2bf470663a755d1fae38c437/zeroconf-0.151.5-cp314-cp314-win_amd64.whl", hash = "sha256:3d3d2f0eb51e605f2010e83ab49db34c70c51304ee88a980ed1c59c0ea20b82f", size = 1088620, upload-time = "2026-09-28T14:59:02.906Z" },
    { url = "https://files.pythonhosted.org/packages/ef/ed/c26550e38ecf81cb83fbfbe41c6b7fa3737db0f435f9b3a0a80ae3da499e/zeroconf-0.151.5-cp314-cp314t-macosx_11_0_arm64.whl", hash = "sha256:6a4bde05914a6dc6a4de83fb9f85ebcbf7fb1c89d9021122b689ebb6aa9d717c", size = 2380718, upload-time = "2026-09-28T14:59:04.743Z" },
    { url = "https://files.pythonhosted.org/packages/77/e8/fc6f3d0335340ec5ba5e137014f46d6d752a8d60c897950883bab21453c3/zeroconf-0.151.5-cp314-cp314t-manylinux2014_aarch64.manylinux_2_17_aarch64.manylinux_2_28_aarch64.whl", hash = "sha256:5daadc4306a6def67187dd8a4ee15978d0c4d425bad4dfef7b2131e909edce02", size = 2662627, upload-time = "2026-09-28T14:59:06.467Z" },
    { url = "https://files.pythonhosted.org/packages/31/8e/94f1f3664a53a53eee7ff86a39ca507430cddba4c7dc1c7cc40992cd66c9/zeroconf-0.151.5-cp314-cp314t-manylinux2014_armv7l.manylinux_2_17_armv7l.manylinux_2_31_armv7l.whl", hash = "sha256:5cfb9d625a12bb6788c142bd238479444ba43b8cbb56d6e0fd2becc17ef8e4a3", size = 2462679, upload-time = "2026-09-28T14:59:08.337Z" },
    { url = "https://files.pythonhosted.org/packages/9c/4f/b9274656c182405cfd4e3c3385ab209a7dda039ac3b4c0c72a47dd90e391/zeroconf-0.151.5-cp314-cp314t-manylinux2014_x86_64.manylinux_2_17_x86_64.manylinux_2_28_x86_64.whl", hash = "sha256:bd773d22ddd60f696e0be063a925a9d34f8de7bcc40e4b9c9360c9e081f97ab0", size = 2728078, upload-time = "2026-09-28T14:59:10.401Z" },
    { url = "https://files.pythonhosted.org/packages/27/39/2188581d88daebc349eb0519cebd6a951766201de510b57355f3b60f10c3/zeroconf-0.151.5-cp314-cp314t-musllinux_1_2_aarch64.whl", hash = "sha256:1ef99729ee6109f08ebee6ce7ef7bd4280747848550462d40275b059e3eaca57", size = 2706423, upload-time = "2026-09-28T14:59:12.439Z" },
    { url = "https://files.pythonhosted.org/packages/77/f3/86aaca253b7eee26f3990e547a88590481a02847e7a2d46a320289efd377/zeroconf-0.151.5-cp314-cp314t-musllinux_1_2_armv7l.whl", hash = "sha256:faecc5a1f318a920a4f7052a14391ae6def8fd6035313886e88f53705ad9dc8e", size = 2507468, upload-time = "2026-09-28T14:59:14.285Z" },
    { url = "https://files.pythonhosted.org/packages/ae/db/26d680ccf78e9af53710069e3303ebd063f194f74ab6a05f384f85b1d57a/zeroconf-0.151.5-cp314-cp314t-musllinux_1_2_x86_64.whl", hash = "sha256:b124e30e18f29690907f7f7ed8b79ab34fa8f40fe300a6f5a8f21b04148497e5", size = 2767519, upload-time = "2026-09-28T14:59:16.261Z" },
    { url = "https://files.pythonhosted.org/packages/0c/df/0b23bf3e3a27bda2a71e70c0ce7eb15e81f4cf4ee292f2c55b562a937ef7/zeroconf-0.151.5-cp314-cp314t-win32.whl", hash = "sha256:6385a69307ee9ccd71d0d2374f0a822590e2468919acbd4ae6bf3ab5f501a1f3", size = 1901603, upload-time = "2026-09-28T14:59:18.053Z" },
    { url = "https://files.pythonhosted.org/packages/d7/6f/8809f921f46fa1f32115bcaa702752fb028af347f751baf5648c15c43454/zeroconf-0.151.5-cp314-cp314t-win_amd64.whl", hash = "sha256:9583f52f51f08f7b14e9f09d99cc0e5ed29afd02bfef6f9d89f175a3e3582a33", size = 2147378, upload-time = "2026-09-28T14:59:19.809Z" },
    { url = "https://files.pythonhosted.org/packages/a8/67/7094dfc74bd9b7263a71a1a5706965750600d7cf740795ce123860986206/zeroconf-0.151.5-cp315-cp315-macosx_11_0_arm64.whl", hash = "sha256:09a933cd3a4bb6a5a0eaf84b58aa0d32af330aa81aa75fc0e300551ccb9b775b", size = 1196545, upload-time = "2026-09-28T14:59:21.559Z" },
    { url = "https://files.pythonhosted.org/packages/07/48/8d99f04bdede4441fd99b86fc499d6f7a0791a1a21fd6c67b70f70f71c28/zeroconf-0.151.5-cp315-cp315-manylinux2014_aarch64.manylinux_2_17_aarch64.manylinux_2_28_aarch64.whl", hash = "sha256:532e28946f6b384369747771e71094f76aa75b4bc2dfba6c099286d90111caf0", size = 1377817, upload-time = "2026-09-28T14:59:23.688Z" },
    { url = "https://files.pythonhosted.org/packages/c7/f0/1d8615d4ac47002b75072b0f4cb2101a7608ee9f6f94f1bd62717c1d7452/zeroconf-0.151.5-cp315-cp315-manylinux2014_x86_64.manylinux_2_17_x86_64.manylinux_2_28_x86_64.whl", hash = "sha256:720a872df2924faedd33c737c2b8a4ac43c045b0b278c58d8b32e1eadff4fa9f", size = 1421642, upload-time = "2026-09-28T14:59:25.796Z" },
    { url = "https://files.pythonhosted.org/packages/7a/3e/2288a1d5f4e100bbc732f01ad6e842dd69c8ff53c8fcca0ee8374bb69888/zeroconf-0.151.5-cp315-cp315-musllinux_1_2_aarch64.whl", hash = "sha256:c6f98dafac6bacb715fd6644921a9220c09499fcaedc308d27e6fd4fd157837e", size = 1399793, upload-time = "2026-09-28T14:59:27.556Z" },
    { url = "https://files.pythonhosted.org/packages/72/53/80921aefeca275228412d50b8d1c613d25d538b301f8d6fcb014aa6b581e/zeroconf-0.151.5-cp315-cp315-musllinux_1_2_x86_64.whl", hash = "sha256:bf19169739ee8608748db3533670f1f8622727e4cf189a7619eadf0895ccf2dd", size = 1440276, upload-time = "2026-09-28T14:59:29.578Z" },
    { url = "https://files.pythonhosted.org/packages/ff/c8/c2c1dc5d457923978e6b014afadb1a35ece20da9085487b3a2df8b48ba41/zeroconf-0.151.5-cp315-cp315-win32.whl", hash = "sha256:422592b2d7dbe8c82fb0ec38f33898fa4a580587a8ee9a1554d1d5c477cf7903", size = 964513, upload-time = "2026-09-28T14:59:31.355Z" },
    { url = "https://files.pythonhosted.org/packages/cf/bf/d0cdb84ac3372388bc4ec6f2c2007e41ec687ec4e716da20f70fb5865dbb/zeroconf-0.151.5-cp315-cp315-win_amd64.whl", hash = "sha256:1ab36f829be85f6546476be525463879e11ce67c6eb18d0b01b1c2b989ba35d0", size = 1085993, upload-time = "2026-09-28T14:59:33.03Z" },
    { url = "https://files.pythonhosted.org/packages/77/82/446e9cc745f82d1ff7c937041a18c98505ee2d665012c5da8ca9869b6ef1/zeroconf-0.151.5-cp315-cp315t-macosx_11_0_arm64.whl", hash = "sha256:3da652fc2d7ba788651b8713340b6470e7218f6fd8392755666a49636d9d3383", size = 2361921, upload-time = "2026-09-28T14:59:34.927Z" },
    { url = "https://files.pythonhosted.org/packages/58/2d/e74fd03904503bbf16ea3501c7998565bf6f196d69fbdc4bcf5bb4a7bae7/zeroconf-0.151.5-cp315-cp315t-manylinux2014_aarch64.manylinux_2_17_aarch64.manylinux_2_28_aarch64.whl", hash = "sha256:c24366d4e60b72adbf6fc954fb8df6165dae44d137f5c8afd8f7272995580681", size = 2654810, upload-time = "2026-09-28T14:59:37.065Z" },
    { url = "https://files.pythonhosted.org/packages/fe/c9/336b6830f4126cbf5f4817e9b070f4a43da222ba456986bc1c558931658d/zeroconf-0.151.5-cp315-cp315t-manylinux2014_x86_64.manylinux_2_17_x86_64.manylinux_2_28_x86_64.whl", hash = "sha256:99162e67862c2f17aeb5a432c70757419573e33cfab925eed566f8bc2a346bcb", size = 2725607, upload-time = "2026-09-28T14:59:39.051Z" },
    { url = "https://files.pythonhosted.org/packages/ac/0f/f9f89e9f0715c4037f9878eafd0fae2ce82b3e73e934c008d8489380ae6c/zeroconf-0.151.5-cp315-cp315t-musllinux_1_2_aarch64.whl", hash = "sha256:c3f34b0e863f20af95fca7ef5871536015c964ce07462b6462c3246f6a385177", size = 2702284, upload-time = "2026-09-28T14:59:40.967Z" },
    { url = "https://files.pythonhosted.org/packages/b2/c3/3518c9ebc6ea9c620b7d4b21f4947c54fa4613f7543a42e9a72565fbaf10/zeroconf-0.151.5-cp315-cp315t-musllinux_1_2_x86_64.whl", hash = "sha256:37f8a073825a208878e994300c0feb7d6b253e2af3d258678a8beec6b020506a", size = 2765808, upload-time = "2026-09-28T14:59:43.156Z" },
    { url = "https://files.pythonhosted.org/packages/b4/86/ab74084ccce454ef897cf1e39d09be6d43aa799f1deeaf816296c5dca023/zeroconf-0.151.5-cp315-cp315t-win32.whl", hash = "sha256:a382205700aa8ea63634b4a92b41176a6033bef7ec2380bfd0503e3e11e6d598", size = 1894687, upload-time = "2026-09-28T14:59:44.952Z" },
    { url = "https://files.pythonhosted.org/packages/29/93/263fdd075d310e220d53e77f252862bd50cf69f98d10c7e0b0e1e9679e78/zeroconf-0.151.5-cp315-cp315t-win_amd64.whl", hash = "sha256:00ee9d456519c45c94201334d5cbd2699d5de9cc9ceeb647203b85295640abab", size = 2134526, upload-time = "2026-09-28T14:59:46.913Z" },
]
